NeoBundleLock emmet-vim 1c46c5fb775606621906f0bedc8da8bc636c1dac
NeoBundleLock neobundle.vim 033911a11c55d0eb0b36edc60854e27436311a55
NeoBundleLock neocomplete-rsense.vim a8b7460a41eb96aa1c9e49b231dd95e216c8dc2d
NeoBundleLock neocomplete.vim 8b3489ff5074fbaa57a0a44ae1493b2b04d012ae
NeoBundleLock neomru.vim e72bef33c7f6af3d17c9968f9ac7bb2fda2a2bde
NeoBundleLock nerdtree 5cec19365a45728e7b6ee5d6aa0b9a84b0ff1d79
NeoBundleLock rsense 2952a54972cf927d5419085d1867b65ff7ab0d41
NeoBundleLock syntastic 9af644dace47bb6692dd7364eb066e50c5f710b9
NeoBundleLock unite.vim 32fd680b883b3ebf2544de471a7ecf879738545b
NeoBundleLock vim-coffee-script 32fe889b8cafd3a4921ef8e6485156453ff58c42
NeoBundleLock vim-colors-solarized 528a59f26d12278698bb946f8fb82a63711eec21
NeoBundleLock vim-endwise bba43b831ae0485cf9b86d16340a6a314b927391
NeoBundleLock vim-javascript 8a409f7fd89de746296a92218183dc69fb6e3d93
NeoBundleLock vim-jsx e762712b91aa122ae0b9e37632c9479ff11a746b
NeoBundleLock vim-less 902870b38df5f22803532141f11a82c74bed5ab5
NeoBundleLock vim-rails edc0b46409a2c38ab5ee76537cae99ac3fa77924
NeoBundleLock vim-ref 63cef8fe51e597f0b0475b654961cef01feabd93
NeoBundleLock vim-ref-ri e3a2dbb71af73bf15c9c2134cc3630edc60331eb
NeoBundleLock vim-tags 54811d025ab5f14dd535d58ba6b824566231791a
